Microsoft Visual Studio Solution File, Format Version 11.00
# Visual Studio 2008

Project("{D23F956C-3087-47BD-F6DD-DF4A789212C6}") = "Malheur (Parcial II)", "Assembly-CSharp.csproj", "{683F9E3A-925D-90B0-F761-E888BD46069A}"
EndProject
Global
	GlobalSection(SolutionConfigurationPlatforms) = preSolution
		Debug|Any CPU = Debug|Any CPU
		Release|Any CPU = Release|Any CPU
	EndGlobalSection
	GlobalSection(ProjectConfigurationPlatforms) = postSolution
		{683F9E3A-925D-90B0-F761-E888BD46069A}.Debug|Any CPU.ActiveCfg = Debug|Any CPU
		{683F9E3A-925D-90B0-F761-E888BD46069A}.Debug|Any CPU.Build.0 = Debug|Any CPU
		{683F9E3A-925D-90B0-F761-E888BD46069A}.Release|Any CPU.ActiveCfg = Release|Any CPU
		{683F9E3A-925D-90B0-F761-E888BD46069A}.Release|Any CPU.Build.0 = Release|Any CPU
	EndGlobalSection
	GlobalSection(SolutionProperties) = preSolution
		HideSolutionNode = FALSE
	EndGlobalSection
	GlobalSection(MonoDevelopProperties) = preSolution
		StartupItem = Assembly-CSharp.csproj
	EndGlobalSection
EndGlobal
