
Microsoft Visual Studio Solution File, Format Version 12.00
# Visual Studio 2015
Project("{FAE04EC0-301F-11D3-BF4B-00C04F79EFBC}") = "Parcial I (consola)", "Parcial I (consola).csproj", "{CA16DF69-7795-313F-319E-E83D6CB7E27A}"
EndProject
Global
	GlobalSection(SolutionConfigurationPlatforms) = preSolution
		Debug|Any CPU = Debug|Any CPU
		Release|Any CPU = Release|Any CPU
	EndGlobalSection
	GlobalSection(ProjectConfigurationPlatforms) = postSolution
		{CA16DF69-7795-313F-319E-E83D6CB7E27A}.Debug|Any CPU.ActiveCfg = Debug|Any CPU
		{CA16DF69-7795-313F-319E-E83D6CB7E27A}.Debug|Any CPU.Build.0 = Debug|Any CPU
		{CA16DF69-7795-313F-319E-E83D6CB7E27A}.Release|Any CPU.ActiveCfg = Release|Any CPU
		{CA16DF69-7795-313F-319E-E83D6CB7E27A}.Release|Any CPU.Build.0 = Release|Any CPU
	EndGlobalSection
	GlobalSection(SolutionProperties) = preSolution
		HideSolutionNode = FALSE
	EndGlobalSection
EndGlobal
