
Microsoft Visual Studio Solution File, Format Version 12.00
# Visual Studio 2015
Project("{FAE04EC0-301F-11D3-BF4B-00C04F79EFBC}") = "Parcial I (13-04)", "Parcial I (13-04).csproj", "{AC1BA972-9BB3-1C83-7D6E-46E32CACE872}"
EndProject
Global
	GlobalSection(SolutionConfigurationPlatforms) = preSolution
		Debug|Any CPU = Debug|Any CPU
		Release|Any CPU = Release|Any CPU
	EndGlobalSection
	GlobalSection(ProjectConfigurationPlatforms) = postSolution
		{AC1BA972-9BB3-1C83-7D6E-46E32CACE872}.Debug|Any CPU.ActiveCfg = Debug|Any CPU
		{AC1BA972-9BB3-1C83-7D6E-46E32CACE872}.Debug|Any CPU.Build.0 = Debug|Any CPU
		{AC1BA972-9BB3-1C83-7D6E-46E32CACE872}.Release|Any CPU.ActiveCfg = Release|Any CPU
		{AC1BA972-9BB3-1C83-7D6E-46E32CACE872}.Release|Any CPU.Build.0 = Release|Any CPU
	EndGlobalSection
	GlobalSection(SolutionProperties) = preSolution
		HideSolutionNode = FALSE
	EndGlobalSection
EndGlobal
